
Microsoft Visual Studio Solution File, Format Version 12.00
# Visual Studio Version 16
VisualStudioVersion = 16.0.29728.190
MinimumVisualStudioVersion = 10.0.40219.1
Project("{FAE04EC0-301F-11D3-BF4B-00C04F79EFBC}") = "PokemonCLI", "PokemonCLI\PokemonCLI.csproj", "{5F5993F4-0269-4BA6-BFD2-8833A0A6C27F}"
EndProject
Global
	GlobalSection(SolutionConfigurationPlatforms) = preSolution
		Debug|Any CPU = Debug|Any CPU
		Release|Any CPU = Release|Any CPU
	EndGlobalSection
	GlobalSection(ProjectConfigurationPlatforms) = postSolution
		{5F5993F4-0269-4BA6-BFD2-8833A0A6C27F}.Debug|Any CPU.ActiveCfg = Debug|Any CPU
		{5F5993F4-0269-4BA6-BFD2-8833A0A6C27F}.Debug|Any CPU.Build.0 = Debug|Any CPU
		{5F5993F4-0269-4BA6-BFD2-8833A0A6C27F}.Release|Any CPU.ActiveCfg = Release|Any CPU
		{5F5993F4-0269-4BA6-BFD2-8833A0A6C27F}.Release|Any CPU.Build.0 = Release|Any CPU
	EndGlobalSection
	GlobalSection(SolutionProperties) = preSolution
		HideSolutionNode = FALSE
	EndGlobalSection
	GlobalSection(ExtensibilityGlobals) = postSolution
		SolutionGuid = {A4EB5047-02AD-496F-95C5-FBDA0A6061B6}
	EndGlobalSection
EndGlobal
